
Microsoft Visual Studio Solution File, Format Version 12.00
# Visual Studio Version 16
VisualStudioVersion = 16.0.30907.101
MinimumVisualStudioVersion = 10.0.40219.1
Project("{FAE04EC0-301F-11D3-BF4B-00C04F79EFBC}") = "Array Framing", "Array Framing\Array Framing.csproj", "{95081E91-CF0F-417E-A479-33BA79B7DFEA}"
EndProject
Global
	GlobalSection(SolutionConfigurationPlatforms) = preSolution
		Debug|Any CPU = Debug|Any CPU
		Release|Any CPU = Release|Any CPU
	EndGlobalSection
	GlobalSection(ProjectConfigurationPlatforms) = postSolution
		{95081E91-CF0F-417E-A479-33BA79B7DFEA}.Debug|Any CPU.ActiveCfg = Debug|Any CPU
		{95081E91-CF0F-417E-A479-33BA79B7DFEA}.Debug|Any CPU.Build.0 = Debug|Any CPU
		{95081E91-CF0F-417E-A479-33BA79B7DFEA}.Release|Any CPU.ActiveCfg = Release|Any CPU
		{95081E91-CF0F-417E-A479-33BA79B7DFEA}.Release|Any CPU.Build.0 = Release|Any CPU
	EndGlobalSection
	GlobalSection(SolutionProperties) = preSolution
		HideSolutionNode = FALSE
	EndGlobalSection
	GlobalSection(ExtensibilityGlobals) = postSolution
		SolutionGuid = {C1FF68E2-3E56-4DC7-85A3-0BBFB6B748A6}
	EndGlobalSection
EndGlobal
